
Microsoft Visual Studio Solution File, Format Version 12.00
# Visual Studio Version 17
VisualStudioVersion = 17.8.34004.107
MinimumVisualStudioVersion = 10.0.40219.1
Project("{9A19103F-16F7-4668-BE54-9A1E7A4F7556}") = "01-OOP-010-Role", "01-OOP-010-Role\01-OOP-010-Role.csproj", "{FBE5E544-DA44-4EF7-9090-9CA9534C024F}"
EndProject
Project("{9A19103F-16F7-4668-BE54-9A1E7A4F7556}") = "01-OOP-020-Tachometr", "01-OOP-020-Tachometr\01-OOP-020-Tachometr.csproj", "{F912EDB1-4650-425B-85FC-1FCD4EE2473B}"
EndProject
Project("{9A19103F-16F7-4668-BE54-9A1E7A4F7556}") = "01-OOP-040-Test-vyrobku", "01-OOP-040-Test-vyrobku\01-OOP-040-Test-vyrobku.csproj", "{2C93686F-D59C-45F0-8FBB-BB9D27091288}"
EndProject
Project("{9A19103F-16F7-4668-BE54-9A1E7A4F7556}") = "01-OOP-050-Lanovka", "01-OOP-050-Lanovka\01-OOP-050-Lanovka.csproj", "{8BEA0906-F15E-4D05-9490-2CA384CD5750}"
EndProject
Project("{9A19103F-16F7-4668-BE54-9A1E7A4F7556}") = "01-OOP-051-Lanovka-index", "01-OOP-051-Lanovka-index\01-OOP-051-Lanovka-index.csproj", "{96D8973D-2D55-4C4D-97DC-BAC7C1A2C05E}"
EndProject
Project("{9A19103F-16F7-4668-BE54-9A1E7A4F7556}") = "01-OOP-052-Lanovka-linked", "01-OOP-052-Lanovka-linked\01-OOP-052-Lanovka-linked.csproj", "{CF11E060-C6F6-451D-8693-7EAE0D48263F}"
EndProject
Project("{2150E333-8FDC-42A3-9474-1A3956D46DE8}") = "02-OOP2-Dedicnost", "02-OOP2-Dedicnost", "{38BB3AC3-576A-40E1-BF1B-98B410470C40}"
EndProject
Project("{2150E333-8FDC-42A3-9474-1A3956D46DE8}") = "01-OOP-2pakovani", "01-OOP-2pakovani", "{33410A35-D3FD-463B-B695-5CE1E9B2B7CF}"
EndProject
Project("{9A19103F-16F7-4668-BE54-9A1E7A4F7556}") = "02-OOP2-010-Dedicnost-Savec", "02-OOP2-010-Dedicnost-Savec\02-OOP2-010-Dedicnost-Savec.csproj", "{EA52BED1-D03B-48C3-827A-771996D66CB6}"
EndProject
Project("{9A19103F-16F7-4668-BE54-9A1E7A4F7556}") = "02-OOP2-020-Konstruktor", "02-OOP2-020-Konstruktor\02-OOP2-020-Konstruktor.csproj", "{4CB0AE7E-5BF2-40CD-9D95-14A4EAD4CA69}"
EndProject
Project("{9A19103F-16F7-4668-BE54-9A1E7A4F7556}") = "02-OOP2-cv010-Obdelnik-a-ctverec", "02-OOP2-030-Obdelnik-a-ctverec\02-OOP2-cv010-Obdelnik-a-ctverec.csproj", "{2FB08082-BA2C-4736-9A1B-2917D5B55992}"
EndProject
Project("{FAE04EC0-301F-11D3-BF4B-00C04F79EFBC}") = "02-OOP2-030-Polymorfizmus", "02-OOP2-030-Polymorfizmus\02-OOP2-030-Polymorfizmus.csproj", "{BB47F656-B781-435B-BD91-9D05468E5CD9}"
EndProject
Project("{FAE04EC0-301F-11D3-BF4B-00C04F79EFBC}") = "02-OOP2-040-Abstrakce", "02-OOP2-040-Abstrakce\02-OOP2-040-Abstrakce.csproj", "{EFAA7523-5E83-4313-A61F-E428F3DCB35D}"
EndProject
Project("{FAE04EC0-301F-11D3-BF4B-00C04F79EFBC}") = "02-OOP2-cv020-Pocitadlo", "02-OOP2-cv020-Pocitadlo\02-OOP2-cv020-Pocitadlo.csproj", "{769918D6-4FE1-490F-A91B-B74C35AC5397}"
EndProject
Project("{FAE04EC0-301F-11D3-BF4B-00C04F79EFBC}") = "02-OOP2-cv030-Ucty", "02-OOP2-cv030-Ucty\02-OOP2-cv030-Ucty.csproj", "{D58B9F94-5BD3-422C-B45A-E915BBF82F83}"
EndProject
Global
	GlobalSection(SolutionConfigurationPlatforms) = preSolution
		Debug|Any CPU = Debug|Any CPU
		Release|Any CPU = Release|Any CPU
	EndGlobalSection
	GlobalSection(ProjectConfigurationPlatforms) = postSolution
		{FBE5E544-DA44-4EF7-9090-9CA9534C024F}.Debug|Any CPU.ActiveCfg = Debug|Any CPU
		{FBE5E544-DA44-4EF7-9090-9CA9534C024F}.Debug|Any CPU.Build.0 = Debug|Any CPU
		{FBE5E544-DA44-4EF7-9090-9CA9534C024F}.Release|Any CPU.ActiveCfg = Release|Any CPU
		{FBE5E544-DA44-4EF7-9090-9CA9534C024F}.Release|Any CPU.Build.0 = Release|Any CPU
		{F912EDB1-4650-425B-85FC-1FCD4EE2473B}.Debug|Any CPU.ActiveCfg = Debug|Any CPU
		{F912EDB1-4650-425B-85FC-1FCD4EE2473B}.Debug|Any CPU.Build.0 = Debug|Any CPU
		{F912EDB1-4650-425B-85FC-1FCD4EE2473B}.Release|Any CPU.ActiveCfg = Release|Any CPU
		{F912EDB1-4650-425B-85FC-1FCD4EE2473B}.Release|Any CPU.Build.0 = Release|Any CPU
		{2C93686F-D59C-45F0-8FBB-BB9D27091288}.Debug|Any CPU.ActiveCfg = Debug|Any CPU
		{2C93686F-D59C-45F0-8FBB-BB9D27091288}.Debug|Any CPU.Build.0 = Debug|Any CPU
		{2C93686F-D59C-45F0-8FBB-BB9D27091288}.Release|Any CPU.ActiveCfg = Release|Any CPU
		{2C93686F-D59C-45F0-8FBB-BB9D27091288}.Release|Any CPU.Build.0 = Release|Any CPU
		{8BEA0906-F15E-4D05-9490-2CA384CD5750}.Debug|Any CPU.ActiveCfg = Debug|Any CPU
		{8BEA0906-F15E-4D05-9490-2CA384CD5750}.Debug|Any CPU.Build.0 = Debug|Any CPU
		{8BEA0906-F15E-4D05-9490-2CA384CD5750}.Release|Any CPU.ActiveCfg = Release|Any CPU
		{8BEA0906-F15E-4D05-9490-2CA384CD5750}.Release|Any CPU.Build.0 = Release|Any CPU
		{96D8973D-2D55-4C4D-97DC-BAC7C1A2C05E}.Debug|Any CPU.ActiveCfg = Debug|Any CPU
		{96D8973D-2D55-4C4D-97DC-BAC7C1A2C05E}.Debug|Any CPU.Build.0 = Debug|Any CPU
		{96D8973D-2D55-4C4D-97DC-BAC7C1A2C05E}.Release|Any CPU.ActiveCfg = Release|Any CPU
		{96D8973D-2D55-4C4D-97DC-BAC7C1A2C05E}.Release|Any CPU.Build.0 = Release|Any CPU
		{CF11E060-C6F6-451D-8693-7EAE0D48263F}.Debug|Any CPU.ActiveCfg = Debug|Any CPU
		{CF11E060-C6F6-451D-8693-7EAE0D48263F}.Debug|Any CPU.Build.0 = Debug|Any CPU
		{CF11E060-C6F6-451D-8693-7EAE0D48263F}.Release|Any CPU.ActiveCfg = Release|Any CPU
		{CF11E060-C6F6-451D-8693-7EAE0D48263F}.Release|Any CPU.Build.0 = Release|Any CPU
		{EA52BED1-D03B-48C3-827A-771996D66CB6}.Debug|Any CPU.ActiveCfg = Debug|Any CPU
		{EA52BED1-D03B-48C3-827A-771996D66CB6}.Debug|Any CPU.Build.0 = Debug|Any CPU
		{EA52BED1-D03B-48C3-827A-771996D66CB6}.Release|Any CPU.ActiveCfg = Release|Any CPU
		{EA52BED1-D03B-48C3-827A-771996D66CB6}.Release|Any CPU.Build.0 = Release|Any CPU
		{4CB0AE7E-5BF2-40CD-9D95-14A4EAD4CA69}.Debug|Any CPU.ActiveCfg = Debug|Any CPU
		{4CB0AE7E-5BF2-40CD-9D95-14A4EAD4CA69}.Debug|Any CPU.Build.0 = Debug|Any CPU
		{4CB0AE7E-5BF2-40CD-9D95-14A4EAD4CA69}.Release|Any CPU.ActiveCfg = Release|Any CPU
		{4CB0AE7E-5BF2-40CD-9D95-14A4EAD4CA69}.Release|Any CPU.Build.0 = Release|Any CPU
		{2FB08082-BA2C-4736-9A1B-2917D5B55992}.Debug|Any CPU.ActiveCfg = Debug|Any CPU
		{2FB08082-BA2C-4736-9A1B-2917D5B55992}.Debug|Any CPU.Build.0 = Debug|Any CPU
		{2FB08082-BA2C-4736-9A1B-2917D5B55992}.Release|Any CPU.ActiveCfg = Release|Any CPU
		{2FB08082-BA2C-4736-9A1B-2917D5B55992}.Release|Any CPU.Build.0 = Release|Any CPU
		{BB47F656-B781-435B-BD91-9D05468E5CD9}.Debug|Any CPU.ActiveCfg = Debug|Any CPU
		{BB47F656-B781-435B-BD91-9D05468E5CD9}.Debug|Any CPU.Build.0 = Debug|Any CPU
		{BB47F656-B781-435B-BD91-9D05468E5CD9}.Release|Any CPU.ActiveCfg = Release|Any CPU
		{BB47F656-B781-435B-BD91-9D05468E5CD9}.Release|Any CPU.Build.0 = Release|Any CPU
		{EFAA7523-5E83-4313-A61F-E428F3DCB35D}.Debug|Any CPU.ActiveCfg = Debug|Any CPU
		{EFAA7523-5E83-4313-A61F-E428F3DCB35D}.Debug|Any CPU.Build.0 = Debug|Any CPU
		{EFAA7523-5E83-4313-A61F-E428F3DCB35D}.Release|Any CPU.ActiveCfg = Release|Any CPU
		{EFAA7523-5E83-4313-A61F-E428F3DCB35D}.Release|Any CPU.Build.0 = Release|Any CPU
		{769918D6-4FE1-490F-A91B-B74C35AC5397}.Debug|Any CPU.ActiveCfg = Debug|Any CPU
		{769918D6-4FE1-490F-A91B-B74C35AC5397}.Debug|Any CPU.Build.0 = Debug|Any CPU
		{769918D6-4FE1-490F-A91B-B74C35AC5397}.Release|Any CPU.ActiveCfg = Release|Any CPU
		{769918D6-4FE1-490F-A91B-B74C35AC5397}.Release|Any CPU.Build.0 = Release|Any CPU
		{D58B9F94-5BD3-422C-B45A-E915BBF82F83}.Debug|Any CPU.ActiveCfg = Debug|Any CPU
		{D58B9F94-5BD3-422C-B45A-E915BBF82F83}.Debug|Any CPU.Build.0 = Debug|Any CPU
		{D58B9F94-5BD3-422C-B45A-E915BBF82F83}.Release|Any CPU.ActiveCfg = Release|Any CPU
		{D58B9F94-5BD3-422C-B45A-E915BBF82F83}.Release|Any CPU.Build.0 = Release|Any CPU
	EndGlobalSection
	GlobalSection(SolutionProperties) = preSolution
		HideSolutionNode = FALSE
	EndGlobalSection
	GlobalSection(NestedProjects) = preSolution
		{FBE5E544-DA44-4EF7-9090-9CA9534C024F} = {33410A35-D3FD-463B-B695-5CE1E9B2B7CF}
		{F912EDB1-4650-425B-85FC-1FCD4EE2473B} = {33410A35-D3FD-463B-B695-5CE1E9B2B7CF}
		{2C93686F-D59C-45F0-8FBB-BB9D27091288} = {33410A35-D3FD-463B-B695-5CE1E9B2B7CF}
		{8BEA0906-F15E-4D05-9490-2CA384CD5750} = {33410A35-D3FD-463B-B695-5CE1E9B2B7CF}
		{96D8973D-2D55-4C4D-97DC-BAC7C1A2C05E} = {33410A35-D3FD-463B-B695-5CE1E9B2B7CF}
		{CF11E060-C6F6-451D-8693-7EAE0D48263F} = {33410A35-D3FD-463B-B695-5CE1E9B2B7CF}
		{EA52BED1-D03B-48C3-827A-771996D66CB6} = {38BB3AC3-576A-40E1-BF1B-98B410470C40}
		{4CB0AE7E-5BF2-40CD-9D95-14A4EAD4CA69} = {38BB3AC3-576A-40E1-BF1B-98B410470C40}
		{2FB08082-BA2C-4736-9A1B-2917D5B55992} = {38BB3AC3-576A-40E1-BF1B-98B410470C40}
		{BB47F656-B781-435B-BD91-9D05468E5CD9} = {38BB3AC3-576A-40E1-BF1B-98B410470C40}
		{EFAA7523-5E83-4313-A61F-E428F3DCB35D} = {38BB3AC3-576A-40E1-BF1B-98B410470C40}
		{769918D6-4FE1-490F-A91B-B74C35AC5397} = {38BB3AC3-576A-40E1-BF1B-98B410470C40}
		{D58B9F94-5BD3-422C-B45A-E915BBF82F83} = {38BB3AC3-576A-40E1-BF1B-98B410470C40}
	EndGlobalSection
	GlobalSection(ExtensibilityGlobals) = postSolution
		SolutionGuid = {9BC48628-1BBF-4325-9C1A-78E994A22CE5}
	EndGlobalSection
EndGlobal
