
Microsoft Visual Studio Solution File, Format Version 12.00
# Visual Studio Version 17
VisualStudioVersion = 17.8.34004.107
MinimumVisualStudioVersion = 10.0.40219.1
Project("{9A19103F-16F7-4668-BE54-9A1E7A4F7556}") = "01-OOP-010-Role", "01-OOP-010-Role\01-OOP-010-Role.csproj", "{FBE5E544-DA44-4EF7-9090-9CA9534C024F}"
EndProject
Project("{9A19103F-16F7-4668-BE54-9A1E7A4F7556}") = "01-OOP-020-Tachometr", "01-OOP-020-Tachometr\01-OOP-020-Tachometr.csproj", "{F912EDB1-4650-425B-85FC-1FCD4EE2473B}"
EndProject
Project("{9A19103F-16F7-4668-BE54-9A1E7A4F7556}") = "01-OOP-040-Test-vyrobku", "01-OOP-040-Test-vyrobku\01-OOP-040-Test-vyrobku.csproj", "{2C93686F-D59C-45F0-8FBB-BB9D27091288}"
EndProject
Project("{9A19103F-16F7-4668-BE54-9A1E7A4F7556}") = "01-OOP-050-Lanovka", "01-OOP-050-Lanovka\01-OOP-050-Lanovka.csproj", "{8BEA0906-F15E-4D05-9490-2CA384CD5750}"
EndProject
Project("{9A19103F-16F7-4668-BE54-9A1E7A4F7556}") = "01-OOP-051-Lanovka-index", "01-OOP-051-Lanovka-index\01-OOP-051-Lanovka-index.csproj", "{96D8973D-2D55-4C4D-97DC-BAC7C1A2C05E}"
EndProject
Project("{9A19103F-16F7-4668-BE54-9A1E7A4F7556}") = "01-OOP-052-Lanovka-linked", "01-OOP-052-Lanovka-linked\01-OOP-052-Lanovka-linked.csproj", "{CF11E060-C6F6-451D-8693-7EAE0D48263F}"
EndProject
Project("{2150E333-8FDC-42A3-9474-1A3956D46DE8}") = "02-OOP2-Dedicnost", "02-OOP2-Dedicnost", "{38BB3AC3-576A-40E1-BF1B-98B410470C40}"
EndProject
Project("{9A19103F-16F7-4668-BE54-9A1E7A4F7556}") = "02-OOP2-010-Dedicnost-Savec", "02-OOP2-010-Dedicnost-Savec\02-OOP2-010-Dedicnost-Savec.csproj", "{EA52BED1-D03B-48C3-827A-771996D66CB6}"
EndProject
Project("{9A19103F-16F7-4668-BE54-9A1E7A4F7556}") = "02-OOP2-020-Konstruktor", "02-OOP2-020-Konstruktor\02-OOP2-020-Konstruktor.csproj", "{4CB0AE7E-5BF2-40CD-9D95-14A4EAD4CA69}"
EndProject
Project("{9A19103F-16F7-4668-BE54-9A1E7A4F7556}") = "02-OOP2-cv010-Obdelnik-a-ctverec", "02-OOP2-030-Obdelnik-a-ctverec\02-OOP2-cv010-Obdelnik-a-ctverec.csproj", "{2FB08082-BA2C-4736-9A1B-2917D5B55992}"
EndProject
Project("{9A19103F-16F7-4668-BE54-9A1E7A4F7556}") = "02-OOP2-030-Polymorfizmus", "02-OOP2-030-Polymorfizmus\02-OOP2-030-Polymorfizmus.csproj", "{BB47F656-B781-435B-BD91-9D05468E5CD9}"
EndProject
Project("{9A19103F-16F7-4668-BE54-9A1E7A4F7556}") = "02-OOP2-040-Abstrakce", "02-OOP2-040-Abstrakce\02-OOP2-040-Abstrakce.csproj", "{EFAA7523-5E83-4313-A61F-E428F3DCB35D}"
EndProject
Project("{9A19103F-16F7-4668-BE54-9A1E7A4F7556}") = "02-OOP2-cv020-Pocitadlo", "02-OOP2-cv020-Pocitadlo\02-OOP2-cv020-Pocitadlo.csproj", "{769918D6-4FE1-490F-A91B-B74C35AC5397}"
EndProject
Project("{9A19103F-16F7-4668-BE54-9A1E7A4F7556}") = "02-OOP2-cv030-Ucty", "02-OOP2-cv030-Ucty\02-OOP2-cv030-Ucty.csproj", "{D58B9F94-5BD3-422C-B45A-E915BBF82F83}"
EndProject
Project("{9A19103F-16F7-4668-BE54-9A1E7A4F7556}") = "02-OOP2-cv040-Zamestnanci", "02-OOP2-cv040-Zamestnanci\02-OOP2-cv040-Zamestnanci.csproj", "{D8E2A49A-F57E-4CF6-93D3-BD6CABCCA12A}"
EndProject
Project("{9A19103F-16F7-4668-BE54-9A1E7A4F7556}") = "02-OOP2-050-IComparable", "02-OOP2-050-IComparable\02-OOP2-050-IComparable.csproj", "{44B7787C-AB84-4080-8191-989115092360}"
EndProject
Project("{2150E333-8FDC-42A3-9474-1A3956D46DE8}") = "01-OOP", "01-OOP", "{AE56800C-0C4A-4431-B4C6-6928D10CFAC8}"
EndProject
Project("{9A19103F-16F7-4668-BE54-9A1E7A4F7556}") = "02-OOP2-060-Extension-methods", "02-OOP2-060-Extension-methods\02-OOP2-060-Extension-methods.csproj", "{66D63337-D2C9-4334-8B3F-5C0E69D63B2A}"
EndProject
Project("{9A19103F-16F7-4668-BE54-9A1E7A4F7556}") = "02-OOP2-070-Statika-opakovani", "02-OOP2-070-Statika-opakovani\02-OOP2-070-Statika-opakovani.csproj", "{6A2429B4-5951-4ADA-938D-26216BE9F59D}"
EndProject
Project("{9A19103F-16F7-4668-BE54-9A1E7A4F7556}") = "02-OOP2-cv050-Dopravni-prostredky", "02-OOP2-cv050-Dopravni-prostredky\02-OOP2-cv050-Dopravni-prostredky.csproj", "{D67857F3-8C20-426C-8632-FD610F71F247}"
EndProject
Project("{9A19103F-16F7-4668-BE54-9A1E7A4F7556}") = "02-OOP2-cv060-UtvaryIface", "02-OOP2-cv060-UtvaryIface\02-OOP2-cv060-UtvaryIface.csproj", "{03B4900F-556B-49DE-B7CF-AD7EE0A2EFA7}"
EndProject
Project("{9A19103F-16F7-4668-BE54-9A1E7A4F7556}") = "03-OOP3-03-Overloading_indexers", "03-OOP3-03-Overloading_indexers\03-OOP3-03-Overloading_indexers.csproj", "{61F8A8B8-F9F5-4A05-9C7A-570EA3C26946}"
EndProject
Project("{9A19103F-16F7-4668-BE54-9A1E7A4F7556}") = "03-OOP3-04-Overloading_operators", "03-OOP3-04-Overloading_operators\03-OOP3-04-Overloading_operators.csproj", "{2C363507-2819-447F-A587-2B6FEABDED44}"
EndProject
Project("{9A19103F-16F7-4668-BE54-9A1E7A4F7556}") = "02-OOP2-cv070-Body", "02-OOP2-cv070-Body\02-OOP2-cv070-Body.csproj", "{019D4D58-60D6-4F82-B3B3-7E9499BA8F14}"
EndProject
Project("{9A19103F-16F7-4668-BE54-9A1E7A4F7556}") = "02-OOP2-cv080-BMI", "02-OOP2-cv080-BMI\02-OOP2-cv080-BMI.csproj", "{39F1009B-B008-47F3-ABA2-B8D7ECD0134F}"
EndProject
Project("{9A19103F-16F7-4668-BE54-9A1E7A4F7556}") = "03-OOP3-01-Overloading_defaults", "03-OOP3-01-Overloading_defaults\03-OOP3-01-Overloading_defaults.csproj", "{2A8D920F-1A84-4502-9E8C-8EA410BA4550}"
EndProject
Project("{9A19103F-16F7-4668-BE54-9A1E7A4F7556}") = "03-OOP3-02-Overloading_methods", "03-OOP3-02-Overloading_methods\03-OOP3-02-Overloading_methods.csproj", "{250B1AA6-735D-4BE7-86B7-28878D8289E7}"
EndProject
Project("{2150E333-8FDC-42A3-9474-1A3956D46DE8}") = "03-OOP-Dalsi", "03-OOP-Dalsi", "{0354F46C-B6AB-4A70-8838-F7B236B018D2}"
EndProject
Project("{9A19103F-16F7-4668-BE54-9A1E7A4F7556}") = "03-OOP3-05-Urad", "03-OOP3-05-Urad\03-OOP3-05-Urad.csproj", "{55590478-5BE0-4A10-AB4B-DEB7C7FBDDED}"
EndProject
Project("{9A19103F-16F7-4668-BE54-9A1E7A4F7556}") = "03-OOP3-06-Hanojska-vez", "03-OOP3-06-Hanojska-vez\03-OOP3-06-Hanojska-vez.csproj", "{EA9016EE-C46B-40B6-BE55-05A63CB12521}"
EndProject
Project("{9A19103F-16F7-4668-BE54-9A1E7A4F7556}") = "03-OOP3-07-Salesmen-tree", "03-OOP3-07-Salesmen-tree\03-OOP3-07-Salesmen-tree.csproj", "{AA2B1AA8-5379-4780-896A-8814BE6B269B}"
EndProject
Project("{9A19103F-16F7-4668-BE54-9A1E7A4F7556}") = "03-OOP3-08-Kolekce-Bludiste", "C:\Users\koupja\source\repos\2023_PR2_2Bs2\03-OOP3-08-Kolekce-Bludiste\03-OOP3-08-Kolekce-Bludiste.csproj", "{697BC93E-50E7-431C-9D42-3AF43314679B}"
EndProject
Project("{9A19103F-16F7-4668-BE54-9A1E7A4F7556}") = "03-OOP3-09-LIst-a-linked-list", "03-OOP3-09-LIst-a-linked-list\03-OOP3-09-LIst-a-linked-list.csproj", "{6EA9ABBB-CCD0-4171-9F5E-4F2B374824EE}"
EndProject
Project("{9A19103F-16F7-4668-BE54-9A1E7A4F7556}") = "04-Unit-testing-01-Minimum", "04-Unit-testing-01-Minimum\04-Unit-testing-01-Minimum.csproj", "{BCE3FA62-E8C4-4CD0-AE73-06815160E882}"
EndProject
Project("{2150E333-8FDC-42A3-9474-1A3956D46DE8}") = "04-Unit-tetsing", "04-Unit-tetsing", "{56E52BE0-E005-4BBE-8AF4-1CB5717FB3E4}"
EndProject
Project("{9A19103F-16F7-4668-BE54-9A1E7A4F7556}") = "04-Unit-testing-01-MinimumTests", "04-Unit-testing-01-MinimumTests\04-Unit-testing-01-MinimumTests.csproj", "{0365A236-D2C5-4AEC-85B2-465129A0792D}"
EndProject
Project("{9A19103F-16F7-4668-BE54-9A1E7A4F7556}") = "04-Unit-testing-02-RychlostniSkrin", "04-Unit-testing-02-RychlostniSkrin\04-Unit-testing-02-RychlostniSkrin.csproj", "{7B392366-FF60-49A5-95FA-BB5853CD4854}"
EndProject
Project("{9A19103F-16F7-4668-BE54-9A1E7A4F7556}") = "04-Unit-testing-02-RychlostniSkrinTests", "04-Unit-testing-02-RychlostniSkrinTests\04-Unit-testing-02-RychlostniSkrinTests.csproj", "{4FCB941C-CD50-4FC4-A1C8-83B7DBCE0040}"
EndProject
Project("{2150E333-8FDC-42A3-9474-1A3956D46DE8}") = "05-SQL", "05-SQL", "{AF6AA398-2FC5-43CC-A047-248AA8945A42}"
EndProject
Project("{9A19103F-16F7-4668-BE54-9A1E7A4F7556}") = "05-DB-01-SQL", "06-DB-01-SQL\05-DB-01-SQL.csproj", "{4A0CDF04-1818-4DA9-8678-DACFE188AB5D}"
EndProject
Project("{9A19103F-16F7-4668-BE54-9A1E7A4F7556}") = "05-DB-02-EntityFrameworkSimple", "06-DB-02-EntityFrameworkSimple\05-DB-02-EntityFrameworkSimple.csproj", "{99EAC45A-DB0F-4B95-A034-7EA56EEA3ECB}"
EndProject
Project("{9A19103F-16F7-4668-BE54-9A1E7A4F7556}") = "05-DB-03-EntityFramework", "06-DB-03-EntityFramework\05-DB-03-EntityFramework.csproj", "{7638EE7A-FE1B-466F-A6BD-CE81E39F0EDB}"
EndProject
Project("{2150E333-8FDC-42A3-9474-1A3956D46DE8}") = "06-WPF", "06-WPF", "{FB924126-B664-4B12-B813-848A9BD44181}"
EndProject
Project("{FAE04EC0-301F-11D3-BF4B-00C04F79EFBC}") = "06-WPF-01-Hello-world", "06-WPF-01-Hello-world\06-WPF-01-Hello-world.csproj", "{352629F2-391D-4CAA-B708-8ED0D7D3E98A}"
EndProject
Project("{FAE04EC0-301F-11D3-BF4B-00C04F79EFBC}") = "06-WPF-02-Move-text", "06-WPF-02-Move-text\06-WPF-02-Move-text.csproj", "{9C847191-A9E9-4F06-BC1C-E2D2A2D20E4E}"
EndProject
Project("{FAE04EC0-301F-11D3-BF4B-00C04F79EFBC}") = "06-WPF-03-O-Deset-Vic", "06-WPF-03-O-Deset-Vic\06-WPF-03-O-Deset-Vic.csproj", "{EF263029-0DCE-4170-A27F-07CD0341D191}"
EndProject
Project("{FAE04EC0-301F-11D3-BF4B-00C04F79EFBC}") = "06-WPF-04-MessageBox", "06-WPF-04-MessageBox\06-WPF-04-MessageBox.csproj", "{88564379-B332-4DAF-852D-353578CED16B}"
EndProject
Project("{FAE04EC0-301F-11D3-BF4B-00C04F79EFBC}") = "06-WPF-05-Grid", "06-WPF-05-Grid\06-WPF-05-Grid.csproj", "{19F5FE5E-64C2-432D-895D-0A6717DF361D}"
EndProject
Global
	GlobalSection(SolutionConfigurationPlatforms) = preSolution
		Debug|Any CPU = Debug|Any CPU
		Release|Any CPU = Release|Any CPU
	EndGlobalSection
	GlobalSection(ProjectConfigurationPlatforms) = postSolution
		{FBE5E544-DA44-4EF7-9090-9CA9534C024F}.Debug|Any CPU.ActiveCfg = Debug|Any CPU
		{FBE5E544-DA44-4EF7-9090-9CA9534C024F}.Debug|Any CPU.Build.0 = Debug|Any CPU
		{FBE5E544-DA44-4EF7-9090-9CA9534C024F}.Release|Any CPU.ActiveCfg = Release|Any CPU
		{FBE5E544-DA44-4EF7-9090-9CA9534C024F}.Release|Any CPU.Build.0 = Release|Any CPU
		{F912EDB1-4650-425B-85FC-1FCD4EE2473B}.Debug|Any CPU.ActiveCfg = Debug|Any CPU
		{F912EDB1-4650-425B-85FC-1FCD4EE2473B}.Debug|Any CPU.Build.0 = Debug|Any CPU
		{F912EDB1-4650-425B-85FC-1FCD4EE2473B}.Release|Any CPU.ActiveCfg = Release|Any CPU
		{F912EDB1-4650-425B-85FC-1FCD4EE2473B}.Release|Any CPU.Build.0 = Release|Any CPU
		{2C93686F-D59C-45F0-8FBB-BB9D27091288}.Debug|Any CPU.ActiveCfg = Debug|Any CPU
		{2C93686F-D59C-45F0-8FBB-BB9D27091288}.Debug|Any CPU.Build.0 = Debug|Any CPU
		{2C93686F-D59C-45F0-8FBB-BB9D27091288}.Release|Any CPU.ActiveCfg = Release|Any CPU
		{2C93686F-D59C-45F0-8FBB-BB9D27091288}.Release|Any CPU.Build.0 = Release|Any CPU
		{8BEA0906-F15E-4D05-9490-2CA384CD5750}.Debug|Any CPU.ActiveCfg = Debug|Any CPU
		{8BEA0906-F15E-4D05-9490-2CA384CD5750}.Debug|Any CPU.Build.0 = Debug|Any CPU
		{8BEA0906-F15E-4D05-9490-2CA384CD5750}.Release|Any CPU.ActiveCfg = Release|Any CPU
		{8BEA0906-F15E-4D05-9490-2CA384CD5750}.Release|Any CPU.Build.0 = Release|Any CPU
		{96D8973D-2D55-4C4D-97DC-BAC7C1A2C05E}.Debug|Any CPU.ActiveCfg = Debug|Any CPU
		{96D8973D-2D55-4C4D-97DC-BAC7C1A2C05E}.Debug|Any CPU.Build.0 = Debug|Any CPU
		{96D8973D-2D55-4C4D-97DC-BAC7C1A2C05E}.Release|Any CPU.ActiveCfg = Release|Any CPU
		{96D8973D-2D55-4C4D-97DC-BAC7C1A2C05E}.Release|Any CPU.Build.0 = Release|Any CPU
		{CF11E060-C6F6-451D-8693-7EAE0D48263F}.Debug|Any CPU.ActiveCfg = Debug|Any CPU
		{CF11E060-C6F6-451D-8693-7EAE0D48263F}.Debug|Any CPU.Build.0 = Debug|Any CPU
		{CF11E060-C6F6-451D-8693-7EAE0D48263F}.Release|Any CPU.ActiveCfg = Release|Any CPU
		{CF11E060-C6F6-451D-8693-7EAE0D48263F}.Release|Any CPU.Build.0 = Release|Any CPU
		{EA52BED1-D03B-48C3-827A-771996D66CB6}.Debug|Any CPU.ActiveCfg = Debug|Any CPU
		{EA52BED1-D03B-48C3-827A-771996D66CB6}.Debug|Any CPU.Build.0 = Debug|Any CPU
		{EA52BED1-D03B-48C3-827A-771996D66CB6}.Release|Any CPU.ActiveCfg = Release|Any CPU
		{EA52BED1-D03B-48C3-827A-771996D66CB6}.Release|Any CPU.Build.0 = Release|Any CPU
		{4CB0AE7E-5BF2-40CD-9D95-14A4EAD4CA69}.Debug|Any CPU.ActiveCfg = Debug|Any CPU
		{4CB0AE7E-5BF2-40CD-9D95-14A4EAD4CA69}.Debug|Any CPU.Build.0 = Debug|Any CPU
		{4CB0AE7E-5BF2-40CD-9D95-14A4EAD4CA69}.Release|Any CPU.ActiveCfg = Release|Any CPU
		{4CB0AE7E-5BF2-40CD-9D95-14A4EAD4CA69}.Release|Any CPU.Build.0 = Release|Any CPU
		{2FB08082-BA2C-4736-9A1B-2917D5B55992}.Debug|Any CPU.ActiveCfg = Debug|Any CPU
		{2FB08082-BA2C-4736-9A1B-2917D5B55992}.Debug|Any CPU.Build.0 = Debug|Any CPU
		{2FB08082-BA2C-4736-9A1B-2917D5B55992}.Release|Any CPU.ActiveCfg = Release|Any CPU
		{2FB08082-BA2C-4736-9A1B-2917D5B55992}.Release|Any CPU.Build.0 = Release|Any CPU
		{BB47F656-B781-435B-BD91-9D05468E5CD9}.Debug|Any CPU.ActiveCfg = Debug|Any CPU
		{BB47F656-B781-435B-BD91-9D05468E5CD9}.Debug|Any CPU.Build.0 = Debug|Any CPU
		{BB47F656-B781-435B-BD91-9D05468E5CD9}.Release|Any CPU.ActiveCfg = Release|Any CPU
		{BB47F656-B781-435B-BD91-9D05468E5CD9}.Release|Any CPU.Build.0 = Release|Any CPU
		{EFAA7523-5E83-4313-A61F-E428F3DCB35D}.Debug|Any CPU.ActiveCfg = Debug|Any CPU
		{EFAA7523-5E83-4313-A61F-E428F3DCB35D}.Debug|Any CPU.Build.0 = Debug|Any CPU
		{EFAA7523-5E83-4313-A61F-E428F3DCB35D}.Release|Any CPU.ActiveCfg = Release|Any CPU
		{EFAA7523-5E83-4313-A61F-E428F3DCB35D}.Release|Any CPU.Build.0 = Release|Any CPU
		{769918D6-4FE1-490F-A91B-B74C35AC5397}.Debug|Any CPU.ActiveCfg = Debug|Any CPU
		{769918D6-4FE1-490F-A91B-B74C35AC5397}.Debug|Any CPU.Build.0 = Debug|Any CPU
		{769918D6-4FE1-490F-A91B-B74C35AC5397}.Release|Any CPU.ActiveCfg = Release|Any CPU
		{769918D6-4FE1-490F-A91B-B74C35AC5397}.Release|Any CPU.Build.0 = Release|Any CPU
		{D58B9F94-5BD3-422C-B45A-E915BBF82F83}.Debug|Any CPU.ActiveCfg = Debug|Any CPU
		{D58B9F94-5BD3-422C-B45A-E915BBF82F83}.Debug|Any CPU.Build.0 = Debug|Any CPU
		{D58B9F94-5BD3-422C-B45A-E915BBF82F83}.Release|Any CPU.ActiveCfg = Release|Any CPU
		{D58B9F94-5BD3-422C-B45A-E915BBF82F83}.Release|Any CPU.Build.0 = Release|Any CPU
		{D8E2A49A-F57E-4CF6-93D3-BD6CABCCA12A}.Debug|Any CPU.ActiveCfg = Debug|Any CPU
		{D8E2A49A-F57E-4CF6-93D3-BD6CABCCA12A}.Debug|Any CPU.Build.0 = Debug|Any CPU
		{D8E2A49A-F57E-4CF6-93D3-BD6CABCCA12A}.Release|Any CPU.ActiveCfg = Release|Any CPU
		{D8E2A49A-F57E-4CF6-93D3-BD6CABCCA12A}.Release|Any CPU.Build.0 = Release|Any CPU
		{44B7787C-AB84-4080-8191-989115092360}.Debug|Any CPU.ActiveCfg = Debug|Any CPU
		{44B7787C-AB84-4080-8191-989115092360}.Debug|Any CPU.Build.0 = Debug|Any CPU
		{44B7787C-AB84-4080-8191-989115092360}.Release|Any CPU.ActiveCfg = Release|Any CPU
		{44B7787C-AB84-4080-8191-989115092360}.Release|Any CPU.Build.0 = Release|Any CPU
		{66D63337-D2C9-4334-8B3F-5C0E69D63B2A}.Debug|Any CPU.ActiveCfg = Debug|Any CPU
		{66D63337-D2C9-4334-8B3F-5C0E69D63B2A}.Debug|Any CPU.Build.0 = Debug|Any CPU
		{66D63337-D2C9-4334-8B3F-5C0E69D63B2A}.Release|Any CPU.ActiveCfg = Release|Any CPU
		{66D63337-D2C9-4334-8B3F-5C0E69D63B2A}.Release|Any CPU.Build.0 = Release|Any CPU
		{6A2429B4-5951-4ADA-938D-26216BE9F59D}.Debug|Any CPU.ActiveCfg = Debug|Any CPU
		{6A2429B4-5951-4ADA-938D-26216BE9F59D}.Debug|Any CPU.Build.0 = Debug|Any CPU
		{6A2429B4-5951-4ADA-938D-26216BE9F59D}.Release|Any CPU.ActiveCfg = Release|Any CPU
		{6A2429B4-5951-4ADA-938D-26216BE9F59D}.Release|Any CPU.Build.0 = Release|Any CPU
		{D67857F3-8C20-426C-8632-FD610F71F247}.Debug|Any CPU.ActiveCfg = Debug|Any CPU
		{D67857F3-8C20-426C-8632-FD610F71F247}.Debug|Any CPU.Build.0 = Debug|Any CPU
		{D67857F3-8C20-426C-8632-FD610F71F247}.Release|Any CPU.ActiveCfg = Release|Any CPU
		{D67857F3-8C20-426C-8632-FD610F71F247}.Release|Any CPU.Build.0 = Release|Any CPU
		{03B4900F-556B-49DE-B7CF-AD7EE0A2EFA7}.Debug|Any CPU.ActiveCfg = Debug|Any CPU
		{03B4900F-556B-49DE-B7CF-AD7EE0A2EFA7}.Debug|Any CPU.Build.0 = Debug|Any CPU
		{03B4900F-556B-49DE-B7CF-AD7EE0A2EFA7}.Release|Any CPU.ActiveCfg = Release|Any CPU
		{03B4900F-556B-49DE-B7CF-AD7EE0A2EFA7}.Release|Any CPU.Build.0 = Release|Any CPU
		{61F8A8B8-F9F5-4A05-9C7A-570EA3C26946}.Debug|Any CPU.ActiveCfg = Debug|Any CPU
		{61F8A8B8-F9F5-4A05-9C7A-570EA3C26946}.Debug|Any CPU.Build.0 = Debug|Any CPU
		{61F8A8B8-F9F5-4A05-9C7A-570EA3C26946}.Release|Any CPU.ActiveCfg = Release|Any CPU
		{61F8A8B8-F9F5-4A05-9C7A-570EA3C26946}.Release|Any CPU.Build.0 = Release|Any CPU
		{2C363507-2819-447F-A587-2B6FEABDED44}.Debug|Any CPU.ActiveCfg = Debug|Any CPU
		{2C363507-2819-447F-A587-2B6FEABDED44}.Debug|Any CPU.Build.0 = Debug|Any CPU
		{2C363507-2819-447F-A587-2B6FEABDED44}.Release|Any CPU.ActiveCfg = Release|Any CPU
		{2C363507-2819-447F-A587-2B6FEABDED44}.Release|Any CPU.Build.0 = Release|Any CPU
		{019D4D58-60D6-4F82-B3B3-7E9499BA8F14}.Debug|Any CPU.ActiveCfg = Debug|Any CPU
		{019D4D58-60D6-4F82-B3B3-7E9499BA8F14}.Debug|Any CPU.Build.0 = Debug|Any CPU
		{019D4D58-60D6-4F82-B3B3-7E9499BA8F14}.Release|Any CPU.ActiveCfg = Release|Any CPU
		{019D4D58-60D6-4F82-B3B3-7E9499BA8F14}.Release|Any CPU.Build.0 = Release|Any CPU
		{39F1009B-B008-47F3-ABA2-B8D7ECD0134F}.Debug|Any CPU.ActiveCfg = Debug|Any CPU
		{39F1009B-B008-47F3-ABA2-B8D7ECD0134F}.Debug|Any CPU.Build.0 = Debug|Any CPU
		{39F1009B-B008-47F3-ABA2-B8D7ECD0134F}.Release|Any CPU.ActiveCfg = Release|Any CPU
		{39F1009B-B008-47F3-ABA2-B8D7ECD0134F}.Release|Any CPU.Build.0 = Release|Any CPU
		{2A8D920F-1A84-4502-9E8C-8EA410BA4550}.Debug|Any CPU.ActiveCfg = Debug|Any CPU
		{2A8D920F-1A84-4502-9E8C-8EA410BA4550}.Debug|Any CPU.Build.0 = Debug|Any CPU
		{2A8D920F-1A84-4502-9E8C-8EA410BA4550}.Release|Any CPU.ActiveCfg = Release|Any CPU
		{2A8D920F-1A84-4502-9E8C-8EA410BA4550}.Release|Any CPU.Build.0 = Release|Any CPU
		{250B1AA6-735D-4BE7-86B7-28878D8289E7}.Debug|Any CPU.ActiveCfg = Debug|Any CPU
		{250B1AA6-735D-4BE7-86B7-28878D8289E7}.Debug|Any CPU.Build.0 = Debug|Any CPU
		{250B1AA6-735D-4BE7-86B7-28878D8289E7}.Release|Any CPU.ActiveCfg = Release|Any CPU
		{250B1AA6-735D-4BE7-86B7-28878D8289E7}.Release|Any CPU.Build.0 = Release|Any CPU
		{55590478-5BE0-4A10-AB4B-DEB7C7FBDDED}.Debug|Any CPU.ActiveCfg = Debug|Any CPU
		{55590478-5BE0-4A10-AB4B-DEB7C7FBDDED}.Debug|Any CPU.Build.0 = Debug|Any CPU
		{55590478-5BE0-4A10-AB4B-DEB7C7FBDDED}.Release|Any CPU.ActiveCfg = Release|Any CPU
		{55590478-5BE0-4A10-AB4B-DEB7C7FBDDED}.Release|Any CPU.Build.0 = Release|Any CPU
		{EA9016EE-C46B-40B6-BE55-05A63CB12521}.Debug|Any CPU.ActiveCfg = Debug|Any CPU
		{EA9016EE-C46B-40B6-BE55-05A63CB12521}.Debug|Any CPU.Build.0 = Debug|Any CPU
		{EA9016EE-C46B-40B6-BE55-05A63CB12521}.Release|Any CPU.ActiveCfg = Release|Any CPU
		{EA9016EE-C46B-40B6-BE55-05A63CB12521}.Release|Any CPU.Build.0 = Release|Any CPU
		{AA2B1AA8-5379-4780-896A-8814BE6B269B}.Debug|Any CPU.ActiveCfg = Debug|Any CPU
		{AA2B1AA8-5379-4780-896A-8814BE6B269B}.Debug|Any CPU.Build.0 = Debug|Any CPU
		{AA2B1AA8-5379-4780-896A-8814BE6B269B}.Release|Any CPU.ActiveCfg = Release|Any CPU
		{AA2B1AA8-5379-4780-896A-8814BE6B269B}.Release|Any CPU.Build.0 = Release|Any CPU
		{697BC93E-50E7-431C-9D42-3AF43314679B}.Debug|Any CPU.ActiveCfg = Debug|Any CPU
		{697BC93E-50E7-431C-9D42-3AF43314679B}.Debug|Any CPU.Build.0 = Debug|Any CPU
		{697BC93E-50E7-431C-9D42-3AF43314679B}.Release|Any CPU.ActiveCfg = Release|Any CPU
		{697BC93E-50E7-431C-9D42-3AF43314679B}.Release|Any CPU.Build.0 = Release|Any CPU
		{6EA9ABBB-CCD0-4171-9F5E-4F2B374824EE}.Debug|Any CPU.ActiveCfg = Debug|Any CPU
		{6EA9ABBB-CCD0-4171-9F5E-4F2B374824EE}.Debug|Any CPU.Build.0 = Debug|Any CPU
		{6EA9ABBB-CCD0-4171-9F5E-4F2B374824EE}.Release|Any CPU.ActiveCfg = Release|Any CPU
		{6EA9ABBB-CCD0-4171-9F5E-4F2B374824EE}.Release|Any CPU.Build.0 = Release|Any CPU
		{BCE3FA62-E8C4-4CD0-AE73-06815160E882}.Debug|Any CPU.ActiveCfg = Debug|Any CPU
		{BCE3FA62-E8C4-4CD0-AE73-06815160E882}.Debug|Any CPU.Build.0 = Debug|Any CPU
		{BCE3FA62-E8C4-4CD0-AE73-06815160E882}.Release|Any CPU.ActiveCfg = Release|Any CPU
		{BCE3FA62-E8C4-4CD0-AE73-06815160E882}.Release|Any CPU.Build.0 = Release|Any CPU
		{0365A236-D2C5-4AEC-85B2-465129A0792D}.Debug|Any CPU.ActiveCfg = Debug|Any CPU
		{0365A236-D2C5-4AEC-85B2-465129A0792D}.Debug|Any CPU.Build.0 = Debug|Any CPU
		{0365A236-D2C5-4AEC-85B2-465129A0792D}.Release|Any CPU.ActiveCfg = Release|Any CPU
		{0365A236-D2C5-4AEC-85B2-465129A0792D}.Release|Any CPU.Build.0 = Release|Any CPU
		{7B392366-FF60-49A5-95FA-BB5853CD4854}.Debug|Any CPU.ActiveCfg = Debug|Any CPU
		{7B392366-FF60-49A5-95FA-BB5853CD4854}.Debug|Any CPU.Build.0 = Debug|Any CPU
		{7B392366-FF60-49A5-95FA-BB5853CD4854}.Release|Any CPU.ActiveCfg = Release|Any CPU
		{7B392366-FF60-49A5-95FA-BB5853CD4854}.Release|Any CPU.Build.0 = Release|Any CPU
		{4FCB941C-CD50-4FC4-A1C8-83B7DBCE0040}.Debug|Any CPU.ActiveCfg = Debug|Any CPU
		{4FCB941C-CD50-4FC4-A1C8-83B7DBCE0040}.Debug|Any CPU.Build.0 = Debug|Any CPU
		{4FCB941C-CD50-4FC4-A1C8-83B7DBCE0040}.Release|Any CPU.ActiveCfg = Release|Any CPU
		{4FCB941C-CD50-4FC4-A1C8-83B7DBCE0040}.Release|Any CPU.Build.0 = Release|Any CPU
		{4A0CDF04-1818-4DA9-8678-DACFE188AB5D}.Debug|Any CPU.ActiveCfg = Debug|Any CPU
		{4A0CDF04-1818-4DA9-8678-DACFE188AB5D}.Debug|Any CPU.Build.0 = Debug|Any CPU
		{4A0CDF04-1818-4DA9-8678-DACFE188AB5D}.Release|Any CPU.ActiveCfg = Release|Any CPU
		{4A0CDF04-1818-4DA9-8678-DACFE188AB5D}.Release|Any CPU.Build.0 = Release|Any CPU
		{99EAC45A-DB0F-4B95-A034-7EA56EEA3ECB}.Debug|Any CPU.ActiveCfg = Debug|Any CPU
		{99EAC45A-DB0F-4B95-A034-7EA56EEA3ECB}.Debug|Any CPU.Build.0 = Debug|Any CPU
		{99EAC45A-DB0F-4B95-A034-7EA56EEA3ECB}.Release|Any CPU.ActiveCfg = Release|Any CPU
		{99EAC45A-DB0F-4B95-A034-7EA56EEA3ECB}.Release|Any CPU.Build.0 = Release|Any CPU
		{7638EE7A-FE1B-466F-A6BD-CE81E39F0EDB}.Debug|Any CPU.ActiveCfg = Debug|Any CPU
		{7638EE7A-FE1B-466F-A6BD-CE81E39F0EDB}.Debug|Any CPU.Build.0 = Debug|Any CPU
		{7638EE7A-FE1B-466F-A6BD-CE81E39F0EDB}.Release|Any CPU.ActiveCfg = Release|Any CPU
		{7638EE7A-FE1B-466F-A6BD-CE81E39F0EDB}.Release|Any CPU.Build.0 = Release|Any CPU
		{352629F2-391D-4CAA-B708-8ED0D7D3E98A}.Debug|Any CPU.ActiveCfg = Debug|Any CPU
		{352629F2-391D-4CAA-B708-8ED0D7D3E98A}.Debug|Any CPU.Build.0 = Debug|Any CPU
		{352629F2-391D-4CAA-B708-8ED0D7D3E98A}.Release|Any CPU.ActiveCfg = Release|Any CPU
		{352629F2-391D-4CAA-B708-8ED0D7D3E98A}.Release|Any CPU.Build.0 = Release|Any CPU
		{9C847191-A9E9-4F06-BC1C-E2D2A2D20E4E}.Debug|Any CPU.ActiveCfg = Debug|Any CPU
		{9C847191-A9E9-4F06-BC1C-E2D2A2D20E4E}.Debug|Any CPU.Build.0 = Debug|Any CPU
		{9C847191-A9E9-4F06-BC1C-E2D2A2D20E4E}.Release|Any CPU.ActiveCfg = Release|Any CPU
		{9C847191-A9E9-4F06-BC1C-E2D2A2D20E4E}.Release|Any CPU.Build.0 = Release|Any CPU
		{EF263029-0DCE-4170-A27F-07CD0341D191}.Debug|Any CPU.ActiveCfg = Debug|Any CPU
		{EF263029-0DCE-4170-A27F-07CD0341D191}.Debug|Any CPU.Build.0 = Debug|Any CPU
		{EF263029-0DCE-4170-A27F-07CD0341D191}.Release|Any CPU.ActiveCfg = Release|Any CPU
		{EF263029-0DCE-4170-A27F-07CD0341D191}.Release|Any CPU.Build.0 = Release|Any CPU
		{88564379-B332-4DAF-852D-353578CED16B}.Debug|Any CPU.ActiveCfg = Debug|Any CPU
		{88564379-B332-4DAF-852D-353578CED16B}.Debug|Any CPU.Build.0 = Debug|Any CPU
		{88564379-B332-4DAF-852D-353578CED16B}.Release|Any CPU.ActiveCfg = Release|Any CPU
		{88564379-B332-4DAF-852D-353578CED16B}.Release|Any CPU.Build.0 = Release|Any CPU
		{19F5FE5E-64C2-432D-895D-0A6717DF361D}.Debug|Any CPU.ActiveCfg = Debug|Any CPU
		{19F5FE5E-64C2-432D-895D-0A6717DF361D}.Debug|Any CPU.Build.0 = Debug|Any CPU
		{19F5FE5E-64C2-432D-895D-0A6717DF361D}.Release|Any CPU.ActiveCfg = Release|Any CPU
		{19F5FE5E-64C2-432D-895D-0A6717DF361D}.Release|Any CPU.Build.0 = Release|Any CPU
	EndGlobalSection
	GlobalSection(SolutionProperties) = preSolution
		HideSolutionNode = FALSE
	EndGlobalSection
	GlobalSection(NestedProjects) = preSolution
		{FBE5E544-DA44-4EF7-9090-9CA9534C024F} = {AE56800C-0C4A-4431-B4C6-6928D10CFAC8}
		{F912EDB1-4650-425B-85FC-1FCD4EE2473B} = {AE56800C-0C4A-4431-B4C6-6928D10CFAC8}
		{2C93686F-D59C-45F0-8FBB-BB9D27091288} = {AE56800C-0C4A-4431-B4C6-6928D10CFAC8}
		{8BEA0906-F15E-4D05-9490-2CA384CD5750} = {AE56800C-0C4A-4431-B4C6-6928D10CFAC8}
		{96D8973D-2D55-4C4D-97DC-BAC7C1A2C05E} = {AE56800C-0C4A-4431-B4C6-6928D10CFAC8}
		{CF11E060-C6F6-451D-8693-7EAE0D48263F} = {AE56800C-0C4A-4431-B4C6-6928D10CFAC8}
		{EA52BED1-D03B-48C3-827A-771996D66CB6} = {38BB3AC3-576A-40E1-BF1B-98B410470C40}
		{4CB0AE7E-5BF2-40CD-9D95-14A4EAD4CA69} = {38BB3AC3-576A-40E1-BF1B-98B410470C40}
		{2FB08082-BA2C-4736-9A1B-2917D5B55992} = {38BB3AC3-576A-40E1-BF1B-98B410470C40}
		{BB47F656-B781-435B-BD91-9D05468E5CD9} = {38BB3AC3-576A-40E1-BF1B-98B410470C40}
		{EFAA7523-5E83-4313-A61F-E428F3DCB35D} = {38BB3AC3-576A-40E1-BF1B-98B410470C40}
		{769918D6-4FE1-490F-A91B-B74C35AC5397} = {38BB3AC3-576A-40E1-BF1B-98B410470C40}
		{D58B9F94-5BD3-422C-B45A-E915BBF82F83} = {38BB3AC3-576A-40E1-BF1B-98B410470C40}
		{D8E2A49A-F57E-4CF6-93D3-BD6CABCCA12A} = {38BB3AC3-576A-40E1-BF1B-98B410470C40}
		{44B7787C-AB84-4080-8191-989115092360} = {38BB3AC3-576A-40E1-BF1B-98B410470C40}
		{66D63337-D2C9-4334-8B3F-5C0E69D63B2A} = {38BB3AC3-576A-40E1-BF1B-98B410470C40}
		{6A2429B4-5951-4ADA-938D-26216BE9F59D} = {38BB3AC3-576A-40E1-BF1B-98B410470C40}
		{D67857F3-8C20-426C-8632-FD610F71F247} = {38BB3AC3-576A-40E1-BF1B-98B410470C40}
		{03B4900F-556B-49DE-B7CF-AD7EE0A2EFA7} = {38BB3AC3-576A-40E1-BF1B-98B410470C40}
		{61F8A8B8-F9F5-4A05-9C7A-570EA3C26946} = {0354F46C-B6AB-4A70-8838-F7B236B018D2}
		{2C363507-2819-447F-A587-2B6FEABDED44} = {0354F46C-B6AB-4A70-8838-F7B236B018D2}
		{019D4D58-60D6-4F82-B3B3-7E9499BA8F14} = {38BB3AC3-576A-40E1-BF1B-98B410470C40}
		{39F1009B-B008-47F3-ABA2-B8D7ECD0134F} = {38BB3AC3-576A-40E1-BF1B-98B410470C40}
		{2A8D920F-1A84-4502-9E8C-8EA410BA4550} = {0354F46C-B6AB-4A70-8838-F7B236B018D2}
		{250B1AA6-735D-4BE7-86B7-28878D8289E7} = {0354F46C-B6AB-4A70-8838-F7B236B018D2}
		{55590478-5BE0-4A10-AB4B-DEB7C7FBDDED} = {0354F46C-B6AB-4A70-8838-F7B236B018D2}
		{EA9016EE-C46B-40B6-BE55-05A63CB12521} = {0354F46C-B6AB-4A70-8838-F7B236B018D2}
		{AA2B1AA8-5379-4780-896A-8814BE6B269B} = {0354F46C-B6AB-4A70-8838-F7B236B018D2}
		{697BC93E-50E7-431C-9D42-3AF43314679B} = {0354F46C-B6AB-4A70-8838-F7B236B018D2}
		{6EA9ABBB-CCD0-4171-9F5E-4F2B374824EE} = {0354F46C-B6AB-4A70-8838-F7B236B018D2}
		{BCE3FA62-E8C4-4CD0-AE73-06815160E882} = {56E52BE0-E005-4BBE-8AF4-1CB5717FB3E4}
		{0365A236-D2C5-4AEC-85B2-465129A0792D} = {56E52BE0-E005-4BBE-8AF4-1CB5717FB3E4}
		{7B392366-FF60-49A5-95FA-BB5853CD4854} = {56E52BE0-E005-4BBE-8AF4-1CB5717FB3E4}
		{4FCB941C-CD50-4FC4-A1C8-83B7DBCE0040} = {56E52BE0-E005-4BBE-8AF4-1CB5717FB3E4}
		{4A0CDF04-1818-4DA9-8678-DACFE188AB5D} = {AF6AA398-2FC5-43CC-A047-248AA8945A42}
		{99EAC45A-DB0F-4B95-A034-7EA56EEA3ECB} = {AF6AA398-2FC5-43CC-A047-248AA8945A42}
		{7638EE7A-FE1B-466F-A6BD-CE81E39F0EDB} = {AF6AA398-2FC5-43CC-A047-248AA8945A42}
		{352629F2-391D-4CAA-B708-8ED0D7D3E98A} = {FB924126-B664-4B12-B813-848A9BD44181}
		{9C847191-A9E9-4F06-BC1C-E2D2A2D20E4E} = {FB924126-B664-4B12-B813-848A9BD44181}
		{EF263029-0DCE-4170-A27F-07CD0341D191} = {FB924126-B664-4B12-B813-848A9BD44181}
		{88564379-B332-4DAF-852D-353578CED16B} = {FB924126-B664-4B12-B813-848A9BD44181}
		{19F5FE5E-64C2-432D-895D-0A6717DF361D} = {FB924126-B664-4B12-B813-848A9BD44181}
	EndGlobalSection
	GlobalSection(ExtensibilityGlobals) = postSolution
		SolutionGuid = {9BC48628-1BBF-4325-9C1A-78E994A22CE5}
	EndGlobalSection
EndGlobal
