
Microsoft Visual Studio Solution File, Format Version 12.00
# Visual Studio Version 17
VisualStudioVersion = 17.8.34004.107
MinimumVisualStudioVersion = 10.0.40219.1
Project("{9A19103F-16F7-4668-BE54-9A1E7A4F7556}") = "01-OOP-010-Role", "01-OOP-010-Role\01-OOP-010-Role.csproj", "{FBE5E544-DA44-4EF7-9090-9CA9534C024F}"
EndProject
Project("{9A19103F-16F7-4668-BE54-9A1E7A4F7556}") = "01-OOP-020-Tachometr", "01-OOP-020-Tachometr\01-OOP-020-Tachometr.csproj", "{F912EDB1-4650-425B-85FC-1FCD4EE2473B}"
EndProject
Project("{9A19103F-16F7-4668-BE54-9A1E7A4F7556}") = "01-OOP-040-Test-vyrobku", "01-OOP-040-Test-vyrobku\01-OOP-040-Test-vyrobku.csproj", "{2C93686F-D59C-45F0-8FBB-BB9D27091288}"
EndProject
Project("{9A19103F-16F7-4668-BE54-9A1E7A4F7556}") = "01-OOP-050-Lanovka", "01-OOP-050-Lanovka\01-OOP-050-Lanovka.csproj", "{8BEA0906-F15E-4D05-9490-2CA384CD5750}"
EndProject
Project("{9A19103F-16F7-4668-BE54-9A1E7A4F7556}") = "01-OOP-051-Lanovka-index", "01-OOP-051-Lanovka-index\01-OOP-051-Lanovka-index.csproj", "{96D8973D-2D55-4C4D-97DC-BAC7C1A2C05E}"
EndProject
Project("{9A19103F-16F7-4668-BE54-9A1E7A4F7556}") = "01-OOP-052-Lanovka-linked", "01-OOP-052-Lanovka-linked\01-OOP-052-Lanovka-linked.csproj", "{CF11E060-C6F6-451D-8693-7EAE0D48263F}"
EndProject
Project("{2150E333-8FDC-42A3-9474-1A3956D46DE8}") = "02-OOP2-Dedicnost", "02-OOP2-Dedicnost", "{38BB3AC3-576A-40E1-BF1B-98B410470C40}"
EndProject
Project("{9A19103F-16F7-4668-BE54-9A1E7A4F7556}") = "02-OOP2-010-Dedicnost-Savec", "02-OOP2-010-Dedicnost-Savec\02-OOP2-010-Dedicnost-Savec.csproj", "{EA52BED1-D03B-48C3-827A-771996D66CB6}"
EndProject
Project("{9A19103F-16F7-4668-BE54-9A1E7A4F7556}") = "02-OOP2-020-Konstruktor", "02-OOP2-020-Konstruktor\02-OOP2-020-Konstruktor.csproj", "{4CB0AE7E-5BF2-40CD-9D95-14A4EAD4CA69}"
EndProject
Project("{9A19103F-16F7-4668-BE54-9A1E7A4F7556}") = "02-OOP2-cv010-Obdelnik-a-ctverec", "02-OOP2-030-Obdelnik-a-ctverec\02-OOP2-cv010-Obdelnik-a-ctverec.csproj", "{2FB08082-BA2C-4736-9A1B-2917D5B55992}"
EndProject
Project("{9A19103F-16F7-4668-BE54-9A1E7A4F7556}") = "02-OOP2-030-Polymorfizmus", "02-OOP2-030-Polymorfizmus\02-OOP2-030-Polymorfizmus.csproj", "{BB47F656-B781-435B-BD91-9D05468E5CD9}"
EndProject
Project("{9A19103F-16F7-4668-BE54-9A1E7A4F7556}") = "02-OOP2-040-Abstrakce", "02-OOP2-040-Abstrakce\02-OOP2-040-Abstrakce.csproj", "{EFAA7523-5E83-4313-A61F-E428F3DCB35D}"
EndProject
Project("{9A19103F-16F7-4668-BE54-9A1E7A4F7556}") = "02-OOP2-cv020-Pocitadlo", "02-OOP2-cv020-Pocitadlo\02-OOP2-cv020-Pocitadlo.csproj", "{769918D6-4FE1-490F-A91B-B74C35AC5397}"
EndProject
Project("{9A19103F-16F7-4668-BE54-9A1E7A4F7556}") = "02-OOP2-cv030-Ucty", "02-OOP2-cv030-Ucty\02-OOP2-cv030-Ucty.csproj", "{D58B9F94-5BD3-422C-B45A-E915BBF82F83}"
EndProject
Project("{9A19103F-16F7-4668-BE54-9A1E7A4F7556}") = "02-OOP2-cv040-Zamestnanci", "02-OOP2-cv040-Zamestnanci\02-OOP2-cv040-Zamestnanci.csproj", "{D8E2A49A-F57E-4CF6-93D3-BD6CABCCA12A}"
EndProject
Project("{9A19103F-16F7-4668-BE54-9A1E7A4F7556}") = "02-OOP2-050-IComparable", "02-OOP2-050-IComparable\02-OOP2-050-IComparable.csproj", "{44B7787C-AB84-4080-8191-989115092360}"
EndProject
Project("{2150E333-8FDC-42A3-9474-1A3956D46DE8}") = "01-OOP", "01-OOP", "{AE56800C-0C4A-4431-B4C6-6928D10CFAC8}"
EndProject
Project("{9A19103F-16F7-4668-BE54-9A1E7A4F7556}") = "02-OOP2-060-Extension-methods", "02-OOP2-060-Extension-methods\02-OOP2-060-Extension-methods.csproj", "{66D63337-D2C9-4334-8B3F-5C0E69D63B2A}"
EndProject
Project("{9A19103F-16F7-4668-BE54-9A1E7A4F7556}") = "02-OOP2-070-Statika-opakovani", "02-OOP2-070-Statika-opakovani\02-OOP2-070-Statika-opakovani.csproj", "{6A2429B4-5951-4ADA-938D-26216BE9F59D}"
EndProject
Project("{9A19103F-16F7-4668-BE54-9A1E7A4F7556}") = "02-OOP2-cv050-Dopravni-prostredky", "02-OOP2-cv050-Dopravni-prostredky\02-OOP2-cv050-Dopravni-prostredky.csproj", "{D67857F3-8C20-426C-8632-FD610F71F247}"
EndProject
Project("{9A19103F-16F7-4668-BE54-9A1E7A4F7556}") = "02-OOP2-cv060-UtvaryIface", "02-OOP2-cv060-UtvaryIface\02-OOP2-cv060-UtvaryIface.csproj", "{03B4900F-556B-49DE-B7CF-AD7EE0A2EFA7}"
EndProject
Project("{9A19103F-16F7-4668-BE54-9A1E7A4F7556}") = "03-OOP3-03-Overloading_indexers", "03-OOP3-03-Overloading_indexers\03-OOP3-03-Overloading_indexers.csproj", "{61F8A8B8-F9F5-4A05-9C7A-570EA3C26946}"
EndProject
Project("{9A19103F-16F7-4668-BE54-9A1E7A4F7556}") = "03-OOP3-04-Overloading_operators", "03-OOP3-04-Overloading_operators\03-OOP3-04-Overloading_operators.csproj", "{2C363507-2819-447F-A587-2B6FEABDED44}"
EndProject
Project("{9A19103F-16F7-4668-BE54-9A1E7A4F7556}") = "02-OOP2-cv070-Body", "02-OOP2-cv070-Body\02-OOP2-cv070-Body.csproj", "{019D4D58-60D6-4F82-B3B3-7E9499BA8F14}"
EndProject
Project("{9A19103F-16F7-4668-BE54-9A1E7A4F7556}") = "02-OOP2-cv080-BMI", "02-OOP2-cv080-BMI\02-OOP2-cv080-BMI.csproj", "{39F1009B-B008-47F3-ABA2-B8D7ECD0134F}"
EndProject
Project("{9A19103F-16F7-4668-BE54-9A1E7A4F7556}") = "03-OOP3-01-Overloading_defaults", "03-OOP3-01-Overloading_defaults\03-OOP3-01-Overloading_defaults.csproj", "{2A8D920F-1A84-4502-9E8C-8EA410BA4550}"
EndProject
Project("{9A19103F-16F7-4668-BE54-9A1E7A4F7556}") = "03-OOP3-02-Overloading_methods", "03-OOP3-02-Overloading_methods\03-OOP3-02-Overloading_methods.csproj", "{250B1AA6-735D-4BE7-86B7-28878D8289E7}"
EndProject
Project("{2150E333-8FDC-42A3-9474-1A3956D46DE8}") = "03-OOP-Dalsi", "03-OOP-Dalsi", "{0354F46C-B6AB-4A70-8838-F7B236B018D2}"
EndProject
Project("{9A19103F-16F7-4668-BE54-9A1E7A4F7556}") = "03-OOP3-05-Urad", "03-OOP3-05-Urad\03-OOP3-05-Urad.csproj", "{55590478-5BE0-4A10-AB4B-DEB7C7FBDDED}"
EndProject
Project("{FAE04EC0-301F-11D3-BF4B-00C04F79EFBC}") = "03-OOP3-06-Hanojska-vez", "03-OOP3-06-Hanojska-vez\03-OOP3-06-Hanojska-vez.csproj", "{EA9016EE-C46B-40B6-BE55-05A63CB12521}"
EndProject
Global
	GlobalSection(SolutionConfigurationPlatforms) = preSolution
		Debug|Any CPU = Debug|Any CPU
		Release|Any CPU = Release|Any CPU
	EndGlobalSection
	GlobalSection(ProjectConfigurationPlatforms) = postSolution
		{FBE5E544-DA44-4EF7-9090-9CA9534C024F}.Debug|Any CPU.ActiveCfg = Debug|Any CPU
		{FBE5E544-DA44-4EF7-9090-9CA9534C024F}.Debug|Any CPU.Build.0 = Debug|Any CPU
		{FBE5E544-DA44-4EF7-9090-9CA9534C024F}.Release|Any CPU.ActiveCfg = Release|Any CPU
		{FBE5E544-DA44-4EF7-9090-9CA9534C024F}.Release|Any CPU.Build.0 = Release|Any CPU
		{F912EDB1-4650-425B-85FC-1FCD4EE2473B}.Debug|Any CPU.ActiveCfg = Debug|Any CPU
		{F912EDB1-4650-425B-85FC-1FCD4EE2473B}.Debug|Any CPU.Build.0 = Debug|Any CPU
		{F912EDB1-4650-425B-85FC-1FCD4EE2473B}.Release|Any CPU.ActiveCfg = Release|Any CPU
		{F912EDB1-4650-425B-85FC-1FCD4EE2473B}.Release|Any CPU.Build.0 = Release|Any CPU
		{2C93686F-D59C-45F0-8FBB-BB9D27091288}.Debug|Any CPU.ActiveCfg = Debug|Any CPU
		{2C93686F-D59C-45F0-8FBB-BB9D27091288}.Debug|Any CPU.Build.0 = Debug|Any CPU
		{2C93686F-D59C-45F0-8FBB-BB9D27091288}.Release|Any CPU.ActiveCfg = Release|Any CPU
		{2C93686F-D59C-45F0-8FBB-BB9D27091288}.Release|Any CPU.Build.0 = Release|Any CPU
		{8BEA0906-F15E-4D05-9490-2CA384CD5750}.Debug|Any CPU.ActiveCfg = Debug|Any CPU
		{8BEA0906-F15E-4D05-9490-2CA384CD5750}.Debug|Any CPU.Build.0 = Debug|Any CPU
		{8BEA0906-F15E-4D05-9490-2CA384CD5750}.Release|Any CPU.ActiveCfg = Release|Any CPU
		{8BEA0906-F15E-4D05-9490-2CA384CD5750}.Release|Any CPU.Build.0 = Release|Any CPU
		{96D8973D-2D55-4C4D-97DC-BAC7C1A2C05E}.Debug|Any CPU.ActiveCfg = Debug|Any CPU
		{96D8973D-2D55-4C4D-97DC-BAC7C1A2C05E}.Debug|Any CPU.Build.0 = Debug|Any CPU
		{96D8973D-2D55-4C4D-97DC-BAC7C1A2C05E}.Release|Any CPU.ActiveCfg = Release|Any CPU
		{96D8973D-2D55-4C4D-97DC-BAC7C1A2C05E}.Release|Any CPU.Build.0 = Release|Any CPU
		{CF11E060-C6F6-451D-8693-7EAE0D48263F}.Debug|Any CPU.ActiveCfg = Debug|Any CPU
		{CF11E060-C6F6-451D-8693-7EAE0D48263F}.Debug|Any CPU.Build.0 = Debug|Any CPU
		{CF11E060-C6F6-451D-8693-7EAE0D48263F}.Release|Any CPU.ActiveCfg = Release|Any CPU
		{CF11E060-C6F6-451D-8693-7EAE0D48263F}.Release|Any CPU.Build.0 = Release|Any CPU
		{EA52BED1-D03B-48C3-827A-771996D66CB6}.Debug|Any CPU.ActiveCfg = Debug|Any CPU
		{EA52BED1-D03B-48C3-827A-771996D66CB6}.Debug|Any CPU.Build.0 = Debug|Any CPU
		{EA52BED1-D03B-48C3-827A-771996D66CB6}.Release|Any CPU.ActiveCfg = Release|Any CPU
		{EA52BED1-D03B-48C3-827A-771996D66CB6}.Release|Any CPU.Build.0 = Release|Any CPU
		{4CB0AE7E-5BF2-40CD-9D95-14A4EAD4CA69}.Debug|Any CPU.ActiveCfg = Debug|Any CPU
		{4CB0AE7E-5BF2-40CD-9D95-14A4EAD4CA69}.Debug|Any CPU.Build.0 = Debug|Any CPU
		{4CB0AE7E-5BF2-40CD-9D95-14A4EAD4CA69}.Release|Any CPU.ActiveCfg = Release|Any CPU
		{4CB0AE7E-5BF2-40CD-9D95-14A4EAD4CA69}.Release|Any CPU.Build.0 = Release|Any CPU
		{2FB08082-BA2C-4736-9A1B-2917D5B55992}.Debug|Any CPU.ActiveCfg = Debug|Any CPU
		{2FB08082-BA2C-4736-9A1B-2917D5B55992}.Debug|Any CPU.Build.0 = Debug|Any CPU
		{2FB08082-BA2C-4736-9A1B-2917D5B55992}.Release|Any CPU.ActiveCfg = Release|Any CPU
		{2FB08082-BA2C-4736-9A1B-2917D5B55992}.Release|Any CPU.Build.0 = Release|Any CPU
		{BB47F656-B781-435B-BD91-9D05468E5CD9}.Debug|Any CPU.ActiveCfg = Debug|Any CPU
		{BB47F656-B781-435B-BD91-9D05468E5CD9}.Debug|Any CPU.Build.0 = Debug|Any CPU
		{BB47F656-B781-435B-BD91-9D05468E5CD9}.Release|Any CPU.ActiveCfg = Release|Any CPU
		{BB47F656-B781-435B-BD91-9D05468E5CD9}.Release|Any CPU.Build.0 = Release|Any CPU
		{EFAA7523-5E83-4313-A61F-E428F3DCB35D}.Debug|Any CPU.ActiveCfg = Debug|Any CPU
		{EFAA7523-5E83-4313-A61F-E428F3DCB35D}.Debug|Any CPU.Build.0 = Debug|Any CPU
		{EFAA7523-5E83-4313-A61F-E428F3DCB35D}.Release|Any CPU.ActiveCfg = Release|Any CPU
		{EFAA7523-5E83-4313-A61F-E428F3DCB35D}.Release|Any CPU.Build.0 = Release|Any CPU
		{769918D6-4FE1-490F-A91B-B74C35AC5397}.Debug|Any CPU.ActiveCfg = Debug|Any CPU
		{769918D6-4FE1-490F-A91B-B74C35AC5397}.Debug|Any CPU.Build.0 = Debug|Any CPU
		{769918D6-4FE1-490F-A91B-B74C35AC5397}.Release|Any CPU.ActiveCfg = Release|Any CPU
		{769918D6-4FE1-490F-A91B-B74C35AC5397}.Release|Any CPU.Build.0 = Release|Any CPU
		{D58B9F94-5BD3-422C-B45A-E915BBF82F83}.Debug|Any CPU.ActiveCfg = Debug|Any CPU
		{D58B9F94-5BD3-422C-B45A-E915BBF82F83}.Debug|Any CPU.Build.0 = Debug|Any CPU
		{D58B9F94-5BD3-422C-B45A-E915BBF82F83}.Release|Any CPU.ActiveCfg = Release|Any CPU
		{D58B9F94-5BD3-422C-B45A-E915BBF82F83}.Release|Any CPU.Build.0 = Release|Any CPU
		{D8E2A49A-F57E-4CF6-93D3-BD6CABCCA12A}.Debug|Any CPU.ActiveCfg = Debug|Any CPU
		{D8E2A49A-F57E-4CF6-93D3-BD6CABCCA12A}.Debug|Any CPU.Build.0 = Debug|Any CPU
		{D8E2A49A-F57E-4CF6-93D3-BD6CABCCA12A}.Release|Any CPU.ActiveCfg = Release|Any CPU
		{D8E2A49A-F57E-4CF6-93D3-BD6CABCCA12A}.Release|Any CPU.Build.0 = Release|Any CPU
		{44B7787C-AB84-4080-8191-989115092360}.Debug|Any CPU.ActiveCfg = Debug|Any CPU
		{44B7787C-AB84-4080-8191-989115092360}.Debug|Any CPU.Build.0 = Debug|Any CPU
		{44B7787C-AB84-4080-8191-989115092360}.Release|Any CPU.ActiveCfg = Release|Any CPU
		{44B7787C-AB84-4080-8191-989115092360}.Release|Any CPU.Build.0 = Release|Any CPU
		{66D63337-D2C9-4334-8B3F-5C0E69D63B2A}.Debug|Any CPU.ActiveCfg = Debug|Any CPU
		{66D63337-D2C9-4334-8B3F-5C0E69D63B2A}.Debug|Any CPU.Build.0 = Debug|Any CPU
		{66D63337-D2C9-4334-8B3F-5C0E69D63B2A}.Release|Any CPU.ActiveCfg = Release|Any CPU
		{66D63337-D2C9-4334-8B3F-5C0E69D63B2A}.Release|Any CPU.Build.0 = Release|Any CPU
		{6A2429B4-5951-4ADA-938D-26216BE9F59D}.Debug|Any CPU.ActiveCfg = Debug|Any CPU
		{6A2429B4-5951-4ADA-938D-26216BE9F59D}.Debug|Any CPU.Build.0 = Debug|Any CPU
		{6A2429B4-5951-4ADA-938D-26216BE9F59D}.Release|Any CPU.ActiveCfg = Release|Any CPU
		{6A2429B4-5951-4ADA-938D-26216BE9F59D}.Release|Any CPU.Build.0 = Release|Any CPU
		{D67857F3-8C20-426C-8632-FD610F71F247}.Debug|Any CPU.ActiveCfg = Debug|Any CPU
		{D67857F3-8C20-426C-8632-FD610F71F247}.Debug|Any CPU.Build.0 = Debug|Any CPU
		{D67857F3-8C20-426C-8632-FD610F71F247}.Release|Any CPU.ActiveCfg = Release|Any CPU
		{D67857F3-8C20-426C-8632-FD610F71F247}.Release|Any CPU.Build.0 = Release|Any CPU
		{03B4900F-556B-49DE-B7CF-AD7EE0A2EFA7}.Debug|Any CPU.ActiveCfg = Debug|Any CPU
		{03B4900F-556B-49DE-B7CF-AD7EE0A2EFA7}.Debug|Any CPU.Build.0 = Debug|Any CPU
		{03B4900F-556B-49DE-B7CF-AD7EE0A2EFA7}.Release|Any CPU.ActiveCfg = Release|Any CPU
		{03B4900F-556B-49DE-B7CF-AD7EE0A2EFA7}.Release|Any CPU.Build.0 = Release|Any CPU
		{61F8A8B8-F9F5-4A05-9C7A-570EA3C26946}.Debug|Any CPU.ActiveCfg = Debug|Any CPU
		{61F8A8B8-F9F5-4A05-9C7A-570EA3C26946}.Debug|Any CPU.Build.0 = Debug|Any CPU
		{61F8A8B8-F9F5-4A05-9C7A-570EA3C26946}.Release|Any CPU.ActiveCfg = Release|Any CPU
		{61F8A8B8-F9F5-4A05-9C7A-570EA3C26946}.Release|Any CPU.Build.0 = Release|Any CPU
		{2C363507-2819-447F-A587-2B6FEABDED44}.Debug|Any CPU.ActiveCfg = Debug|Any CPU
		{2C363507-2819-447F-A587-2B6FEABDED44}.Debug|Any CPU.Build.0 = Debug|Any CPU
		{2C363507-2819-447F-A587-2B6FEABDED44}.Release|Any CPU.ActiveCfg = Release|Any CPU
		{2C363507-2819-447F-A587-2B6FEABDED44}.Release|Any CPU.Build.0 = Release|Any CPU
		{019D4D58-60D6-4F82-B3B3-7E9499BA8F14}.Debug|Any CPU.ActiveCfg = Debug|Any CPU
		{019D4D58-60D6-4F82-B3B3-7E9499BA8F14}.Debug|Any CPU.Build.0 = Debug|Any CPU
		{019D4D58-60D6-4F82-B3B3-7E9499BA8F14}.Release|Any CPU.ActiveCfg = Release|Any CPU
		{019D4D58-60D6-4F82-B3B3-7E9499BA8F14}.Release|Any CPU.Build.0 = Release|Any CPU
		{39F1009B-B008-47F3-ABA2-B8D7ECD0134F}.Debug|Any CPU.ActiveCfg = Debug|Any CPU
		{39F1009B-B008-47F3-ABA2-B8D7ECD0134F}.Debug|Any CPU.Build.0 = Debug|Any CPU
		{39F1009B-B008-47F3-ABA2-B8D7ECD0134F}.Release|Any CPU.ActiveCfg = Release|Any CPU
		{39F1009B-B008-47F3-ABA2-B8D7ECD0134F}.Release|Any CPU.Build.0 = Release|Any CPU
		{2A8D920F-1A84-4502-9E8C-8EA410BA4550}.Debug|Any CPU.ActiveCfg = Debug|Any CPU
		{2A8D920F-1A84-4502-9E8C-8EA410BA4550}.Debug|Any CPU.Build.0 = Debug|Any CPU
		{2A8D920F-1A84-4502-9E8C-8EA410BA4550}.Release|Any CPU.ActiveCfg = Release|Any CPU
		{2A8D920F-1A84-4502-9E8C-8EA410BA4550}.Release|Any CPU.Build.0 = Release|Any CPU
		{250B1AA6-735D-4BE7-86B7-28878D8289E7}.Debug|Any CPU.ActiveCfg = Debug|Any CPU
		{250B1AA6-735D-4BE7-86B7-28878D8289E7}.Debug|Any CPU.Build.0 = Debug|Any CPU
		{250B1AA6-735D-4BE7-86B7-28878D8289E7}.Release|Any CPU.ActiveCfg = Release|Any CPU
		{250B1AA6-735D-4BE7-86B7-28878D8289E7}.Release|Any CPU.Build.0 = Release|Any CPU
		{55590478-5BE0-4A10-AB4B-DEB7C7FBDDED}.Debug|Any CPU.ActiveCfg = Debug|Any CPU
		{55590478-5BE0-4A10-AB4B-DEB7C7FBDDED}.Debug|Any CPU.Build.0 = Debug|Any CPU
		{55590478-5BE0-4A10-AB4B-DEB7C7FBDDED}.Release|Any CPU.ActiveCfg = Release|Any CPU
		{55590478-5BE0-4A10-AB4B-DEB7C7FBDDED}.Release|Any CPU.Build.0 = Release|Any CPU
		{EA9016EE-C46B-40B6-BE55-05A63CB12521}.Debug|Any CPU.ActiveCfg = Debug|Any CPU
		{EA9016EE-C46B-40B6-BE55-05A63CB12521}.Debug|Any CPU.Build.0 = Debug|Any CPU
		{EA9016EE-C46B-40B6-BE55-05A63CB12521}.Release|Any CPU.ActiveCfg = Release|Any CPU
		{EA9016EE-C46B-40B6-BE55-05A63CB12521}.Release|Any CPU.Build.0 = Release|Any CPU
	EndGlobalSection
	GlobalSection(SolutionProperties) = preSolution
		HideSolutionNode = FALSE
	EndGlobalSection
	GlobalSection(NestedProjects) = preSolution
		{FBE5E544-DA44-4EF7-9090-9CA9534C024F} = {AE56800C-0C4A-4431-B4C6-6928D10CFAC8}
		{F912EDB1-4650-425B-85FC-1FCD4EE2473B} = {AE56800C-0C4A-4431-B4C6-6928D10CFAC8}
		{2C93686F-D59C-45F0-8FBB-BB9D27091288} = {AE56800C-0C4A-4431-B4C6-6928D10CFAC8}
		{8BEA0906-F15E-4D05-9490-2CA384CD5750} = {AE56800C-0C4A-4431-B4C6-6928D10CFAC8}
		{96D8973D-2D55-4C4D-97DC-BAC7C1A2C05E} = {AE56800C-0C4A-4431-B4C6-6928D10CFAC8}
		{CF11E060-C6F6-451D-8693-7EAE0D48263F} = {AE56800C-0C4A-4431-B4C6-6928D10CFAC8}
		{EA52BED1-D03B-48C3-827A-771996D66CB6} = {38BB3AC3-576A-40E1-BF1B-98B410470C40}
		{4CB0AE7E-5BF2-40CD-9D95-14A4EAD4CA69} = {38BB3AC3-576A-40E1-BF1B-98B410470C40}
		{2FB08082-BA2C-4736-9A1B-2917D5B55992} = {38BB3AC3-576A-40E1-BF1B-98B410470C40}
		{BB47F656-B781-435B-BD91-9D05468E5CD9} = {38BB3AC3-576A-40E1-BF1B-98B410470C40}
		{EFAA7523-5E83-4313-A61F-E428F3DCB35D} = {38BB3AC3-576A-40E1-BF1B-98B410470C40}
		{769918D6-4FE1-490F-A91B-B74C35AC5397} = {38BB3AC3-576A-40E1-BF1B-98B410470C40}
		{D58B9F94-5BD3-422C-B45A-E915BBF82F83} = {38BB3AC3-576A-40E1-BF1B-98B410470C40}
		{D8E2A49A-F57E-4CF6-93D3-BD6CABCCA12A} = {38BB3AC3-576A-40E1-BF1B-98B410470C40}
		{44B7787C-AB84-4080-8191-989115092360} = {38BB3AC3-576A-40E1-BF1B-98B410470C40}
		{66D63337-D2C9-4334-8B3F-5C0E69D63B2A} = {38BB3AC3-576A-40E1-BF1B-98B410470C40}
		{6A2429B4-5951-4ADA-938D-26216BE9F59D} = {38BB3AC3-576A-40E1-BF1B-98B410470C40}
		{D67857F3-8C20-426C-8632-FD610F71F247} = {38BB3AC3-576A-40E1-BF1B-98B410470C40}
		{03B4900F-556B-49DE-B7CF-AD7EE0A2EFA7} = {38BB3AC3-576A-40E1-BF1B-98B410470C40}
		{61F8A8B8-F9F5-4A05-9C7A-570EA3C26946} = {0354F46C-B6AB-4A70-8838-F7B236B018D2}
		{2C363507-2819-447F-A587-2B6FEABDED44} = {0354F46C-B6AB-4A70-8838-F7B236B018D2}
		{019D4D58-60D6-4F82-B3B3-7E9499BA8F14} = {38BB3AC3-576A-40E1-BF1B-98B410470C40}
		{39F1009B-B008-47F3-ABA2-B8D7ECD0134F} = {38BB3AC3-576A-40E1-BF1B-98B410470C40}
		{2A8D920F-1A84-4502-9E8C-8EA410BA4550} = {0354F46C-B6AB-4A70-8838-F7B236B018D2}
		{250B1AA6-735D-4BE7-86B7-28878D8289E7} = {0354F46C-B6AB-4A70-8838-F7B236B018D2}
		{55590478-5BE0-4A10-AB4B-DEB7C7FBDDED} = {0354F46C-B6AB-4A70-8838-F7B236B018D2}
		{EA9016EE-C46B-40B6-BE55-05A63CB12521} = {0354F46C-B6AB-4A70-8838-F7B236B018D2}
	EndGlobalSection
	GlobalSection(ExtensibilityGlobals) = postSolution
		SolutionGuid = {9BC48628-1BBF-4325-9C1A-78E994A22CE5}
	EndGlobalSection
EndGlobal
